
Microsoft Visual Studio Solution File, Format Version 12.00
# Visual Studio Version 17
VisualStudioVersion = 17.3.32825.248
MinimumVisualStudioVersion = 10.0.40219.1
Project("{FAE04EC0-301F-11D3-BF4B-00C04F79EFBC}") = "ExpandedMaterialsMetals", "ExpandedMaterialsMetals\ExpandedMaterialsMetals.csproj", "{D4921BC6-4F65-4212-B86A-69D94F5CC4BD}"
EndProject
Global
	GlobalSection(SolutionConfigurationPlatforms) = preSolution
		Debug|Any CPU = Debug|Any CPU
		Release|Any CPU = Release|Any CPU
	EndGlobalSection
	GlobalSection(ProjectConfigurationPlatforms) = postSolution
		{D4921BC6-4F65-4212-B86A-69D94F5CC4BD}.Debug|Any CPU.ActiveCfg = Debug|Any CPU
		{D4921BC6-4F65-4212-B86A-69D94F5CC4BD}.Debug|Any CPU.Build.0 = Debug|Any CPU
		{D4921BC6-4F65-4212-B86A-69D94F5CC4BD}.Release|Any CPU.ActiveCfg = Release|Any CPU
		{D4921BC6-4F65-4212-B86A-69D94F5CC4BD}.Release|Any CPU.Build.0 = Release|Any CPU
	EndGlobalSection
	GlobalSection(SolutionProperties) = preSolution
		HideSolutionNode = FALSE
	EndGlobalSection
	GlobalSection(ExtensibilityGlobals) = postSolution
		SolutionGuid = {D769C423-98EF-4278-BE80-C0348C0EF7CA}
	EndGlobalSection
EndGlobal
