
Microsoft Visual Studio Solution File, Format Version 12.00
# Visual Studio Version 16
VisualStudioVersion = 16.0.30011.22
MinimumVisualStudioVersion = 10.0.40219.1
Project("{FAE04EC0-301F-11D3-BF4B-00C04F79EFBC}") = "MaterialPatchingUtility", "MaterialPatchingUtility\MaterialPatchingUtility.csproj", "{D1B8D3E5-7952-46A5-8FDB-1D1F862EE64A}"
EndProject
Global
	GlobalSection(SolutionConfigurationPlatforms) = preSolution
		Debug|Any CPU = Debug|Any CPU
		Release|Any CPU = Release|Any CPU
	EndGlobalSection
	GlobalSection(ProjectConfigurationPlatforms) = postSolution
		{D1B8D3E5-7952-46A5-8FDB-1D1F862EE64A}.Debug|Any CPU.ActiveCfg = Debug|Any CPU
		{D1B8D3E5-7952-46A5-8FDB-1D1F862EE64A}.Debug|Any CPU.Build.0 = Debug|Any CPU
		{D1B8D3E5-7952-46A5-8FDB-1D1F862EE64A}.Release|Any CPU.ActiveCfg = Release|Any CPU
		{D1B8D3E5-7952-46A5-8FDB-1D1F862EE64A}.Release|Any CPU.Build.0 = Release|Any CPU
	EndGlobalSection
	GlobalSection(SolutionProperties) = preSolution
		HideSolutionNode = FALSE
	EndGlobalSection
	GlobalSection(ExtensibilityGlobals) = postSolution
		SolutionGuid = {9CC95B42-32F0-4FF7-9DCA-37030CC1426B}
	EndGlobalSection
EndGlobal
